
Microsoft Visual Studio Solution File, Format Version 12.00
# Visual Studio Version 17
VisualStudioVersion = 17.2.32526.322
MinimumVisualStudioVersion = 10.0.40219.1
Project("{FAE04EC0-301F-11D3-BF4B-00C04F79EFBC}") = "TestCD", "TestCD\TestCD.csproj", "{AD2B480A-1654-47F3-A8B4-7E558EACD335}"
EndProject
Global
	GlobalSection(SolutionConfigurationPlatforms) = preSolution
		Debug|Any CPU = Debug|Any CPU
		Release|Any CPU = Release|Any CPU
	EndGlobalSection
	GlobalSection(ProjectConfigurationPlatforms) = postSolution
		{AD2B480A-1654-47F3-A8B4-7E558EACD335}.Debug|Any CPU.ActiveCfg = Debug|Any CPU
		{AD2B480A-1654-47F3-A8B4-7E558EACD335}.Debug|Any CPU.Build.0 = Debug|Any CPU
		{AD2B480A-1654-47F3-A8B4-7E558EACD335}.Release|Any CPU.ActiveCfg = Release|Any CPU
		{AD2B480A-1654-47F3-A8B4-7E558EACD335}.Release|Any CPU.Build.0 = Release|Any CPU
	EndGlobalSection
	GlobalSection(SolutionProperties) = preSolution
		HideSolutionNode = FALSE
	EndGlobalSection
	GlobalSection(ExtensibilityGlobals) = postSolution
		SolutionGuid = {C62A278F-7744-4C66-BF59-411278BB99AF}
	EndGlobalSection
EndGlobal
